
Microsoft Visual Studio Solution File, Format Version 12.00
# Visual Studio Version 17
VisualStudioVersion = 17.8.34309.116
MinimumVisualStudioVersion = 10.0.40219.1
Project("{2150E333-8FDC-42A3-9474-1A3956D46DE8}") = "GitLab", "GitLab", "{43F79B3A-22CD-40EC-9259-1204FF7C74E3}"
	ProjectSection(SolutionItems) = preProject
		.gitlab-ci.yml = .gitlab-ci.yml
	EndProjectSection
EndProject
Project("{9A19103F-16F7-4668-BE54-9A1E7A4F7556}") = "TrueNasToNtfyNotificationsAdapter.Lambda", "TrueNasToNtfyNotificationsAdapter.Lambda\TrueNasToNtfyNotificationsAdapter.Lambda.csproj", "{E7C019D1-CB0D-4183-850C-D3BA9AB74C65}"
EndProject
Global
	GlobalSection(SolutionConfigurationPlatforms) = preSolution
		Debug|Any CPU = Debug|Any CPU
		Release|Any CPU = Release|Any CPU
	EndGlobalSection
	GlobalSection(ProjectConfigurationPlatforms) = postSolution
		{E7C019D1-CB0D-4183-850C-D3BA9AB74C65}.Debug|Any CPU.ActiveCfg = Debug|Any CPU
		{E7C019D1-CB0D-4183-850C-D3BA9AB74C65}.Debug|Any CPU.Build.0 = Debug|Any CPU
		{E7C019D1-CB0D-4183-850C-D3BA9AB74C65}.Release|Any CPU.ActiveCfg = Release|Any CPU
		{E7C019D1-CB0D-4183-850C-D3BA9AB74C65}.Release|Any CPU.Build.0 = Release|Any CPU
	EndGlobalSection
	GlobalSection(SolutionProperties) = preSolution
		HideSolutionNode = FALSE
	EndGlobalSection
	GlobalSection(ExtensibilityGlobals) = postSolution
		SolutionGuid = {29631FE4-D96C-449D-90A8-D66BD8907E2E}
	EndGlobalSection
EndGlobal
